
Microsoft Visual Studio Solution File, Format Version 12.00
Project("{FAE04EC0-301F-11D3-BF4B-00C04F79EFBC}") = "RazorPizzeria", "RazorPizzeria\RazorPizzeria.csproj", "{76EB58EF-F4AF-4ADE-A9D2-AACA32CA1266}"
EndProject
Global
	GlobalSection(SolutionConfigurationPlatforms) = preSolution
		Debug|Any CPU = Debug|Any CPU
		Release|Any CPU = Release|Any CPU
	EndGlobalSection
	GlobalSection(ProjectConfigurationPlatforms) = postSolution
		{76EB58EF-F4AF-4ADE-A9D2-AACA32CA1266}.Debug|Any CPU.ActiveCfg = Debug|Any CPU
		{76EB58EF-F4AF-4ADE-A9D2-AACA32CA1266}.Debug|Any CPU.Build.0 = Debug|Any CPU
		{76EB58EF-F4AF-4ADE-A9D2-AACA32CA1266}.Release|Any CPU.ActiveCfg = Release|Any CPU
		{76EB58EF-F4AF-4ADE-A9D2-AACA32CA1266}.Release|Any CPU.Build.0 = Release|Any CPU
	EndGlobalSection
EndGlobal
